PODS:
  - Flutter (1.0.0)
  - flutter_upi_india (1.0.0):
    - Flutter

DEPENDENCIES:
  - Flutter (from `Flutter`)
  - flutter_upi_india (from `.symlinks/plugins/flutter_upi_india/ios`)

EXTERNAL SOURCES:
  Flutter:
    :path: Flutter
  flutter_upi_india:
    :path: ".symlinks/plugins/flutter_upi_india/ios"

SPEC CHECKSUMS:
  Flutter: e0871f40cf51350855a761d2e70bf5af5b9b5de7
  flutter_upi_india: c4fa4c0783b172550a9f0a5b6d39091271a678e0

PODFILE CHECKSUM: 7be2f5f74864d463a8ad433546ed1de7e0f29aef

COCOAPODS: 1.15.2
