PODS:
  - Flutter (1.0.0)
  - flutter_upi_india (1.0.0):
    - Flutter

DEPENDENCIES:
  - Flutter (from `Flutter`)
  - flutter_upi_india (from `.symlinks/plugins/flutter_upi_india/ios`)

EXTERNAL SOURCES:
  Flutter:
    :path: Flutter
  flutter_upi_india:
    :path: ".symlinks/plugins/flutter_upi_india/ios"

SPEC CHECKSUMS:
  Flutter: 434fef37c0980e73bb6479ef766c45957d4b510c
  flutter_upi_india: 16008b0cbb4d248b895e587661eab2446926c51e

PODFILE CHECKSUM: aafe91acc616949ddb318b77800a7f51bffa2a4c

COCOAPODS: 1.10.0
